
Microsoft Visual Studio Solution File, Format Version 12.00
# Visual Studio Version 17
VisualStudioVersion = 17.5.002.0
MinimumVisualStudioVersion = 10.0.40219.1
Project("{2150E333-8FDC-42A3-9474-1A3956D46DE8}") = "Final_test-main", "Final_test-main", "{3465DEDC-1485-4F4F-BA03-3F10C7B7F6A9}"
EndProject
Project("{9A19103F-16F7-4668-BE54-9A1E7A4F7556}") = "Task", "Final_test-main\Task\Task.csproj", "{C13666C0-9454-47FD-A8F0-EBD28F68BF4B}"
EndProject
Global
	GlobalSection(SolutionConfigurationPlatforms) = preSolution
		Debug|Any CPU = Debug|Any CPU
		Release|Any CPU = Release|Any CPU
	EndGlobalSection
	GlobalSection(ProjectConfigurationPlatforms) = postSolution
		{C13666C0-9454-47FD-A8F0-EBD28F68BF4B}.Debug|Any CPU.ActiveCfg = Debug|Any CPU
		{C13666C0-9454-47FD-A8F0-EBD28F68BF4B}.Debug|Any CPU.Build.0 = Debug|Any CPU
		{C13666C0-9454-47FD-A8F0-EBD28F68BF4B}.Release|Any CPU.ActiveCfg = Release|Any CPU
		{C13666C0-9454-47FD-A8F0-EBD28F68BF4B}.Release|Any CPU.Build.0 = Release|Any CPU
	EndGlobalSection
	GlobalSection(SolutionProperties) = preSolution
		HideSolutionNode = FALSE
	EndGlobalSection
	GlobalSection(NestedProjects) = preSolution
		{C13666C0-9454-47FD-A8F0-EBD28F68BF4B} = {3465DEDC-1485-4F4F-BA03-3F10C7B7F6A9}
	EndGlobalSection
	GlobalSection(ExtensibilityGlobals) = postSolution
		SolutionGuid = {6AC08EAA-70CF-4930-8445-97CA52A13A73}
	EndGlobalSection
EndGlobal
